<Solution>
  <Project Path="FinanceTracker.Api/FinanceTracker.Api.csproj" />
  <Project Path="FinanceTracker.Application/FinanceTracker.Application.csproj" />
  <Project Path="FinanceTracker.Domain/FinanceTracker.Domain.csproj" />
  <Project Path="FinanceTracker.Infrastructure/FinanceTracker.Infrastructure.csproj" />
</Solution>
